
Microsoft Visual Studio Solution File, Format Version 12.00
# Visual Studio Version 16
VisualStudioVersion = 16.0.31911.196
MinimumVisualStudioVersion = 10.0.40219.1
Project("{9A19103F-16F7-4668-BE54-9A1E7A4F7556}") = "CatalogWepApi", "CatalogWepApi\CatalogWepApi.csproj", "{9551DCBE-8A41-4ACB-9581-700194A80C4A}"
EndProject
Project("{2150E333-8FDC-42A3-9474-1A3956D46DE8}") = "Shared", "Shared", "{9E91B997-F687-409E-8B36-35A34BE1B9E8}"
EndProject
Project("{9A19103F-16F7-4668-BE54-9A1E7A4F7556}") = "Responses", "Responses\Responses.csproj", "{D8DC680D-0DE0-40D7-9376-A85A94190678}"
EndProject
Project("{E53339B2-1760-4266-BCC7-CA923CBCF16C}") = "docker-compose", "docker-compose.dcproj", "{62BEB267-6D75-44B6-A484-10C309BF7845}"
EndProject
Global
	GlobalSection(SolutionConfigurationPlatforms) = preSolution
		Debug|Any CPU = Debug|Any CPU
		Release|Any CPU = Release|Any CPU
	EndGlobalSection
	GlobalSection(ProjectConfigurationPlatforms) = postSolution
		{9551DCBE-8A41-4ACB-9581-700194A80C4A}.Debug|Any CPU.ActiveCfg = Debug|Any CPU
		{9551DCBE-8A41-4ACB-9581-700194A80C4A}.Debug|Any CPU.Build.0 = Debug|Any CPU
		{9551DCBE-8A41-4ACB-9581-700194A80C4A}.Release|Any CPU.ActiveCfg = Release|Any CPU
		{9551DCBE-8A41-4ACB-9581-700194A80C4A}.Release|Any CPU.Build.0 = Release|Any CPU
		{D8DC680D-0DE0-40D7-9376-A85A94190678}.Debug|Any CPU.ActiveCfg = Debug|Any CPU
		{D8DC680D-0DE0-40D7-9376-A85A94190678}.Debug|Any CPU.Build.0 = Debug|Any CPU
		{D8DC680D-0DE0-40D7-9376-A85A94190678}.Release|Any CPU.ActiveCfg = Release|Any CPU
		{D8DC680D-0DE0-40D7-9376-A85A94190678}.Release|Any CPU.Build.0 = Release|Any CPU
		{62BEB267-6D75-44B6-A484-10C309BF7845}.Debug|Any CPU.ActiveCfg = Debug|Any CPU
		{62BEB267-6D75-44B6-A484-10C309BF7845}.Debug|Any CPU.Build.0 = Debug|Any CPU
		{62BEB267-6D75-44B6-A484-10C309BF7845}.Release|Any CPU.ActiveCfg = Release|Any CPU
		{62BEB267-6D75-44B6-A484-10C309BF7845}.Release|Any CPU.Build.0 = Release|Any CPU
	EndGlobalSection
	GlobalSection(SolutionProperties) = preSolution
		HideSolutionNode = FALSE
	EndGlobalSection
	GlobalSection(NestedProjects) = preSolution
		{D8DC680D-0DE0-40D7-9376-A85A94190678} = {9E91B997-F687-409E-8B36-35A34BE1B9E8}
	EndGlobalSection
	GlobalSection(ExtensibilityGlobals) = postSolution
		SolutionGuid = {A9F6BED2-756F-4461-B48D-E44BB5EC04D5}
	EndGlobalSection
EndGlobal
